
Microsoft Visual Studio Solution File, Format Version 12.00
# Visual Studio Version 17
VisualStudioVersion = 17.11.35327.3
MinimumVisualStudioVersion = 10.0.40219.1
Project("{FAE04EC0-301F-11D3-BF4B-00C04F79EFBC}") = "Stocks.Server", "Stocks.Server\Stocks.Server.csproj", "{6BC8932D-F164-44C6-A10D-A6166E7D579F}"
EndProject
Project("{54A90642-561A-4BB1-A94E-469ADEE60C69}") = "stocks.client", "stocks.client\stocks.client.esproj", "{F215527D-579D-4392-AA7F-7D0115DFDA7B}"
EndProject
Global
	GlobalSection(SolutionConfigurationPlatforms) = preSolution
		Debug|Any CPU = Debug|Any CPU
		Release|Any CPU = Release|Any CPU
	EndGlobalSection
	GlobalSection(ProjectConfigurationPlatforms) = postSolution
		{6BC8932D-F164-44C6-A10D-A6166E7D579F}.Debug|Any CPU.ActiveCfg = Debug|Any CPU
		{6BC8932D-F164-44C6-A10D-A6166E7D579F}.Debug|Any CPU.Build.0 = Debug|Any CPU
		{6BC8932D-F164-44C6-A10D-A6166E7D579F}.Release|Any CPU.ActiveCfg = Release|Any CPU
		{6BC8932D-F164-44C6-A10D-A6166E7D579F}.Release|Any CPU.Build.0 = Release|Any CPU
		{F215527D-579D-4392-AA7F-7D0115DFDA7B}.Debug|Any CPU.ActiveCfg = Debug|Any CPU
		{F215527D-579D-4392-AA7F-7D0115DFDA7B}.Debug|Any CPU.Build.0 = Debug|Any CPU
		{F215527D-579D-4392-AA7F-7D0115DFDA7B}.Debug|Any CPU.Deploy.0 = Debug|Any CPU
		{F215527D-579D-4392-AA7F-7D0115DFDA7B}.Release|Any CPU.ActiveCfg = Release|Any CPU
		{F215527D-579D-4392-AA7F-7D0115DFDA7B}.Release|Any CPU.Build.0 = Release|Any CPU
		{F215527D-579D-4392-AA7F-7D0115DFDA7B}.Release|Any CPU.Deploy.0 = Release|Any CPU
	EndGlobalSection
	GlobalSection(SolutionProperties) = preSolution
		HideSolutionNode = FALSE
	EndGlobalSection
	GlobalSection(ExtensibilityGlobals) = postSolution
		SolutionGuid = {ACFD5137-6382-494D-B390-DDDCB34E3698}
	EndGlobalSection
EndGlobal
